// !$*UTF8*$!
{
	archiveVersion = 1;
	classes = {
	};
	objectVersion = 48;
	objects = {

/* Begin PBXBuildFile section */
		B0A939941F95E62800B7DCC2 /* AppDelegate.swift in Sources */ = {isa = PBXBuildFile; fileRef = B0A939931F95E62800B7DCC2 /* AppDelegate.swift */; };
		B0A939961F95E62800B7DCC2 /* ViewController.swift in Sources */ = {isa = PBXBuildFile; fileRef = B0A939951F95E62800B7DCC2 /* ViewController.swift */; };
		B0A939991F95E62800B7DCC2 /* Main.storyboard in Resources */ = {isa = PBXBuildFile; fileRef = B0A939971F95E62800B7DCC2 /* Main.storyboard */; };
		B0A9399B1F95E62800B7DCC2 /* Assets.xcassets in Resources */ = {isa = PBXBuildFile; fileRef = B0A9399A1F95E62800B7DCC2 /* Assets.xcassets */; };
		B0A9399E1F95E62800B7DCC2 /* LaunchScreen.storyboard in Resources */ = {isa = PBXBuildFile; fileRef = B0A9399C1F95E62800B7DCC2 /* LaunchScreen.storyboard */; };
		B0A939A91F95E62800B7DCC2 /* WeatherTests.swift in Sources */ = {isa = PBXBuildFile; fileRef = B0A939A81F95E62800B7DCC2 /* WeatherTests.swift */; };
		B0A939B41F95E62800B7DCC2 /* WeatherUITests.swift in Sources */ = {isa = PBXBuildFile; fileRef = B0A939B31F95E62800B7DCC2 /* WeatherUITests.swift */; };
/* End PBXBuildFile section */

/* Begin PBXContainerItemProxy section */
		B0A939A51F95E62800B7DCC2 /* PBXContainerItemProxy */ = {
			isa = PBXContainerItemProxy;
			containerPortal = B0A939881F95E62800B7DCC2 /* Project object */;
			proxyType = 1;
			remoteGlobalIDString = B0A9398F1F95E62800B7DCC2;
			remoteInfo = Weather;
		};
		B0A939B01F95E62800B7DCC2 /* PBXContainerItemProxy */ = {
			isa = PBXContainerItemProxy;
			containerPortal = B0A939881F95E62800B7DCC2 /* Project object */;
			proxyType = 1;
			remoteGlobalIDString = B0A9398F1F95E62800B7DCC2;
			remoteInfo = Weather;
		};
/* End PBXContainerItemProxy section */

/* Begin PBXFileReference section */
		B0A939901F95E62800B7DCC2 /* Weather.app */ = {isa = PBXFileReference; explicitFileType = wrapper.application; includeInIndex = 0; path = Weather.app; sourceTree = BUILT_PRODUCTS_DIR; };
		B0A939931F95E62800B7DCC2 /* AppDelegate.swift */ = {isa = PBXFileReference; lastKnownFileType = sourcecode.swift; path = AppDelegate.swift; sourceTree = "<group>"; };
		B0A939951F95E62800B7DCC2 /* ViewController.swift */ = {isa = PBXFileReference; lastKnownFileType = sourcecode.swift; path = ViewController.swift; sourceTree = "<group>"; };
		B0A939981F95E62800B7DCC2 /* Base */ = {isa = PBXFileReference; lastKnownFileType = file.storyboard; name = Base; path = Base.lproj/Main.storyboard; sourceTree = "<group>"; };
		B0A9399A1F95E62800B7DCC2 /* Assets.xcassets */ = {isa = PBXFileReference; lastKnownFileType = folder.assetcatalog; path = Assets.xcassets; sourceTree = "<group>"; };
		B0A9399D1F95E62800B7DCC2 /* Base */ = {isa = PBXFileReference; lastKnownFileType = file.storyboard; name = Base; path = Base.lproj/LaunchScreen.storyboard; sourceTree = "<group>"; };
		B0A9399F1F95E62800B7DCC2 /* Info.plist */ = {isa = PBXFileReference; lastKnownFileType = text.plist.xml; path = Info.plist; sourceTree = "<group>"; };
		B0A939A41F95E62800B7DCC2 /* WeatherTests.xctest */ = {isa = PBXFileReference; explicitFileType = wrapper.cfbundle; includeInIndex = 0; path = WeatherTests.xctest; sourceTree = BUILT_PRODUCTS_DIR; };
		B0A939A81F95E62800B7DCC2 /* WeatherTests.swift */ = {isa = PBXFileReference; lastKnownFileType = sourcecode.swift; path = WeatherTests.swift; sourceTree = "<group>"; };
		B0A939AA1F95E62800B7DCC2 /* Info.plist */ = {isa = PBXFileReference; lastKnownFileType = text.plist.xml; path = Info.plist; sourceTree = "<group>"; };
		B0A939AF1F95E62800B7DCC2 /* WeatherUITests.xctest */ = {isa = PBXFileReference; explicitFileType = wrapper.cfbundle; includeInIndex = 0; path = WeatherUITests.xctest; sourceTree = BUILT_PRODUCTS_DIR; };
		B0A939B31F95E62800B7DCC2 /* WeatherUITests.swift */ = {isa = PBXFileReference; lastKnownFileType = sourcecode.swift; path = WeatherUITests.swift; sourceTree = "<group>"; };
		B0A939B51F95E62800B7DCC2 /* Info.plist */ = {isa = PBXFileReference; lastKnownFileType = text.plist.xml; path = Info.plist; sourceTree = "<group>"; };
/* End PBXFileReference section */

/* Begin PBXFrameworksBuildPhase section */
		B0A9398D1F95E62800B7DCC2 /* Frameworks */ = {
			isa = PBXFrameworksBuildPhase;
			buildActionMask = 2147483647;
			files = (
			);
			runOnlyForDeploymentPostprocessing = 0;
		};
		B0A939A11F95E62800B7DCC2 /* Frameworks */ = {
			isa = PBXFrameworksBuildPhase;
			buildActionMask = 2147483647;
			files = (
			);
			runOnlyForDeploymentPostprocessing = 0;
		};
		B0A939AC1F95E62800B7DCC2 /* Frameworks */ = {
			isa = PBXFrameworksBuildPhase;
			buildActionMask = 2147483647;
			files = (
			);
			runOnlyForDeploymentPostprocessing = 0;
		};
/* End PBXFrameworksBuildPhase section */

/* Begin PBXGroup section */
		B0A939871F95E62800B7DCC2 = {
			isa = PBXGroup;
			children = (
				B0A939921F95E62800B7DCC2 /* Weather */,
				B0A939A71F95E62800B7DCC2 /* WeatherTests */,
				B0A939B21F95E62800B7DCC2 /* WeatherUITests */,
				B0A939911F95E62800B7DCC2 /* Products */,
			);
			sourceTree = "<group>";
		};
		B0A939911F95E62800B7DCC2 /* Products */ = {
			isa = PBXGroup;
			children = (
				B0A939901F95E62800B7DCC2 /* Weather.app */,
				B0A939A41F95E62800B7DCC2 /* WeatherTests.xctest */,
				B0A939AF1F95E62800B7DCC2 /* WeatherUITests.xctest */,
			);
			name = Products;
			sourceTree = "<group>";
		};
		B0A939921F95E62800B7DCC2 /* Weather */ = {
			isa = PBXGroup;
			children = (
				B0A939931F95E62800B7DCC2 /* AppDelegate.swift */,
				B0A939951F95E62800B7DCC2 /* ViewController.swift */,
				B0A939971F95E62800B7DCC2 /* Main.storyboard */,
				B0A9399A1F95E62800B7DCC2 /* Assets.xcassets */,
				B0A9399C1F95E62800B7DCC2 /* LaunchScreen.storyboard */,
				B0A9399F1F95E62800B7DCC2 /* Info.plist */,
			);
			path = Weather;
			sourceTree = "<group>";
		};
		B0A939A71F95E62800B7DCC2 /* WeatherTests */ = {
			isa = PBXGroup;
			children = (
				B0A939A81F95E62800B7DCC2 /* WeatherTests.swift */,
				B0A939AA1F95E62800B7DCC2 /* Info.plist */,
			);
			path = WeatherTests;
			sourceTree = "<group>";
		};
		B0A939B21F95E62800B7DCC2 /* WeatherUITests */ = {
			isa = PBXGroup;
			children = (
				B0A939B31F95E62800B7DCC2 /* WeatherUITests.swift */,
				B0A939B51F95E62800B7DCC2 /* Info.plist */,
			);
			path = WeatherUITests;
			sourceTree = "<group>";
		};
/* End PBXGroup section */

/* Begin PBXNativeTarget section */
		B0A9398F1F95E62800B7DCC2 /* Weather */ = {
			isa = PBXNativeTarget;
			buildConfigurationList = B0A939B81F95E62800B7DCC2 /* Build configuration list for PBXNativeTarget "Weather" */;
			buildPhases = (
				B0A9398C1F95E62800B7DCC2 /* Sources */,
				B0A9398D1F95E62800B7DCC2 /* Frameworks */,
				B0A9398E1F95E62800B7DCC2 /* Resources */,
			);
			buildRules = (
			);
			dependencies = (
			);
			name = Weather;
			productName = Weather;
			productReference = B0A939901F95E62800B7DCC2 /* Weather.app */;
			productType = "com.apple.product-type.application";
		};
		B0A939A31F95E62800B7DCC2 /* WeatherTests */ = {
			isa = PBXNativeTarget;
			buildConfigurationList = B0A939BB1F95E62800B7DCC2 /* Build configuration list for PBXNativeTarget "WeatherTests" */;
			buildPhases = (
				B0A939A01F95E62800B7DCC2 /* Sources */,
				B0A939A11F95E62800B7DCC2 /* Frameworks */,
				B0A939A21F95E62800B7DCC2 /* Resources */,
			);
			buildRules = (
			);
			dependencies = (
				B0A939A61F95E62800B7DCC2 /* PBXTargetDependency */,
			);
			name = WeatherTests;
			productName = WeatherTests;
			productReference = B0A939A41F95E62800B7DCC2 /* WeatherTests.xctest */;
			productType = "com.apple.product-type.bundle.unit-test";
		};
		B0A939AE1F95E62800B7DCC2 /* WeatherUITests */ = {
			isa = PBXNativeTarget;
			buildConfigurationList = B0A939BE1F95E62800B7DCC2 /* Build configuration list for PBXNativeTarget "WeatherUITests" */;
			buildPhases = (
				B0A939AB1F95E62800B7DCC2 /* Sources */,
				B0A939AC1F95E62800B7DCC2 /* Frameworks */,
				B0A939AD1F95E62800B7DCC2 /* Resources */,
			);
			buildRules = (
			);
			dependencies = (
				B0A939B11F95E62800B7DCC2 /* PBXTargetDependency */,
			);
			name = WeatherUITests;
			productName = WeatherUITests;
			productReference = B0A939AF1F95E62800B7DCC2 /* WeatherUITests.xctest */;
			productType = "com.apple.product-type.bundle.ui-testing";
		};
/* End PBXNativeTarget section */

/* Begin PBXProject section */
		B0A939881F95E62800B7DCC2 /* Project object */ = {
			isa = PBXProject;
			attributes = {
				LastSwiftUpdateCheck = 0900;
				LastUpgradeCheck = 0900;
				ORGANIZATIONNAME = "Nusri Samath";
				TargetAttributes = {
					B0A9398F1F95E62800B7DCC2 = {
						CreatedOnToolsVersion = 9.0;
						ProvisioningStyle = Automatic;
					};
					B0A939A31F95E62800B7DCC2 = {
						CreatedOnToolsVersion = 9.0;
						ProvisioningStyle = Automatic;
						TestTargetID = B0A9398F1F95E62800B7DCC2;
					};
					B0A939AE1F95E62800B7DCC2 = {
						CreatedOnToolsVersion = 9.0;
						ProvisioningStyle = Automatic;
						TestTargetID = B0A9398F1F95E62800B7DCC2;
					};
				};
			};
			buildConfigurationList = B0A9398B1F95E62800B7DCC2 /* Build configuration list for PBXProject "Weather" */;
			compatibilityVersion = "Xcode 8.0";
			developmentRegion = en;
			hasScannedForEncodings = 0;
			knownRegions = (
				en,
				Base,
			);
			mainGroup = B0A939871F95E62800B7DCC2;
			productRefGroup = B0A939911F95E62800B7DCC2 /* Products */;
			projectDirPath = "";
			projectRoot = "";
			targets = (
				B0A9398F1F95E62800B7DCC2 /* Weather */,
				B0A939A31F95E62800B7DCC2 /* WeatherTests */,
				B0A939AE1F95E62800B7DCC2 /* WeatherUITests */,
			);
		};
/* End PBXProject section */

/* Begin PBXResourcesBuildPhase section */
		B0A9398E1F95E62800B7DCC2 /* Resources */ = {
			isa = PBXResourcesBuildPhase;
			buildActionMask = 2147483647;
			files = (
				B0A9399E1F95E62800B7DCC2 /* LaunchScreen.storyboard in Resources */,
				B0A9399B1F95E62800B7DCC2 /* Assets.xcassets in Resources */,
				B0A939991F95E62800B7DCC2 /* Main.storyboard in Resources */,
			);
			runOnlyForDeploymentPostprocessing = 0;
		};
		B0A939A21F95E62800B7DCC2 /* Resources */ = {
			isa = PBXResourcesBuildPhase;
			buildActionMask = 2147483647;
			files = (
			);
			runOnlyForDeploymentPostprocessing = 0;
		};
		B0A939AD1F95E62800B7DCC2 /* Resources */ = {
			isa = PBXResourcesBuildPhase;
			buildActionMask = 2147483647;
			files = (
			);
			runOnlyForDeploymentPostprocessing = 0;
		};
/* End PBXResourcesBuildPhase section */

/* Begin PBXSourcesBuildPhase section */
		B0A9398C1F95E62800B7DCC2 /* Sources */ = {
			isa = PBXSourcesBuildPhase;
			buildActionMask = 2147483647;
			files = (
				B0A939961F95E62800B7DCC2 /* ViewController.swift in Sources */,
				B0A939941F95E62800B7DCC2 /* AppDelegate.swift in Sources */,
			);
			runOnlyForDeploymentPostprocessing = 0;
		};
		B0A939A01F95E62800B7DCC2 /* Sources */ = {
			isa = PBXSourcesBuildPhase;
			buildActionMask = 2147483647;
			files = (
				B0A939A91F95E62800B7DCC2 /* WeatherTests.swift in Sources */,
			);
			runOnlyForDeploymentPostprocessing = 0;
		};
		B0A939AB1F95E62800B7DCC2 /* Sources */ = {
			isa = PBXSourcesBuildPhase;
			buildActionMask = 2147483647;
			files = (
				B0A939B41F95E62800B7DCC2 /* WeatherUITests.swift in Sources */,
			);
			runOnlyForDeploymentPostprocessing = 0;
		};
/* End PBXSourcesBuildPhase section */

/* Begin PBXTargetDependency section */
		B0A939A61F95E62800B7DCC2 /* PBXTargetDependency */ = {
			isa = PBXTargetDependency;
			target = B0A9398F1F95E62800B7DCC2 /* Weather */;
			targetProxy = B0A939A51F95E62800B7DCC2 /* PBXContainerItemProxy */;
		};
		B0A939B11F95E62800B7DCC2 /* PBXTargetDependency */ = {
			isa = PBXTargetDependency;
			target = B0A9398F1F95E62800B7DCC2 /* Weather */;
			targetProxy = B0A939B01F95E62800B7DCC2 /* PBXContainerItemProxy */;
		};
/* End PBXTargetDependency section */

/* Begin PBXVariantGroup section */
		B0A939971F95E62800B7DCC2 /* Main.storyboard */ = {
			isa = PBXVariantGroup;
			children = (
				B0A939981F95E62800B7DCC2 /* Base */,
			);
			name = Main.storyboard;
			sourceTree = "<group>";
		};
		B0A9399C1F95E62800B7DCC2 /* LaunchScreen.storyboard */ = {
			isa = PBXVariantGroup;
			children = (
				B0A9399D1F95E62800B7DCC2 /* Base */,
			);
			name = LaunchScreen.storyboard;
			sourceTree = "<group>";
		};
/* End PBXVariantGroup section */

/* Begin XCBuildConfiguration section */
		B0A939B61F95E62800B7DCC2 /* Debug */ = {
			isa = XCBuildConfiguration;
			buildSettings = {
				ALWAYS_SEARCH_USER_PATHS = NO;
				CLANG_ANALYZER_NONNULL = YES;
				CLANG_ANALYZER_NUMBER_OBJECT_CONVERSION = YES_AGGRESSIVE;
				CLANG_CXX_LANGUAGE_STANDARD = "gnu++14";
				CLANG_CXX_LIBRARY = "libc++";
				CLANG_ENABLE_MODULES = YES;
				CLANG_ENABLE_OBJC_ARC = YES;
				CLANG_WARN_BLOCK_CAPTURE_AUTORELEASING = YES;
				CLANG_WARN_BOOL_CONVERSION = YES;
				CLANG_WARN_COMMA = YES;
				CLANG_WARN_CONSTANT_CONVERSION = YES;
				CLANG_WARN_DIRECT_OBJC_ISA_USAGE = YES_ERROR;
				CLANG_WARN_DOCUMENTATION_COMMENTS = YES;
				CLANG_WARN_EMPTY_BODY = YES;
				CLANG_WARN_ENUM_CONVERSION = YES;
				CLANG_WARN_INFINITE_RECURSION = YES;
				CLANG_WARN_INT_CONVERSION = YES;
				CLANG_WARN_NON_LITERAL_NULL_CONVERSION = YES;
				CLANG_WARN_OBJC_LITERAL_CONVERSION = YES;
				CLANG_WARN_OBJC_ROOT_CLASS = YES_ERROR;
				CLANG_WARN_RANGE_LOOP_ANALYSIS = YES;
				CLANG_WARN_STRICT_PROTOTYPES = YES;
				CLANG_WARN_SUSPICIOUS_MOVE = YES;
				CLANG_WARN_UNGUARDED_AVAILABILITY = YES_AGGRESSIVE;
				CLANG_WARN_UNREACHABLE_CODE = YES;
				CLANG_WARN__DUPLICATE_METHOD_MATCH = YES;
				CODE_SIGN_IDENTITY = "iPhone Developer";
				COPY_PHASE_STRIP = NO;
				DEBUG_INFORMATION_FORMAT = dwarf;
				ENABLE_STRICT_OBJC_MSGSEND = YES;
				ENABLE_TESTABILITY = YES;
				GCC_C_LANGUAGE_STANDARD = gnu11;
				GCC_DYNAMIC_NO_PIC = NO;
				GCC_NO_COMMON_BLOCKS = YES;
				GCC_OPTIMIZATION_LEVEL = 0;
				GCC_PREPROCESSOR_DEFINITIONS = (
					"DEBUG=1",
					"$(inherited)",
				);
				GCC_WARN_64_TO_32_BIT_CONVERSION = YES;
				GCC_WARN_ABOUT_RETURN_TYPE = YES_ERROR;
				GCC_WARN_UNDECLARED_SELECTOR = YES;
				GCC_WARN_UNINITIALIZED_AUTOS = YES_AGGRESSIVE;
				GCC_WARN_UNUSED_FUNCTION = YES;
				GCC_WARN_UNUSED_VARIABLE = YES;
				IPHONEOS_DEPLOYMENT_TARGET = 11.0;
				MTL_ENABLE_DEBUG_INFO = YES;
				ONLY_ACTIVE_ARCH = YES;
				SDKROOT = iphoneos;
				SWIFT_ACTIVE_COMPILATION_CONDITIONS = DEBUG;
				SWIFT_OPTIMIZATION_LEVEL = "-Onone";
			};
			name = Debug;
		};
		B0A939B71F95E62800B7DCC2 /* Release */ = {
			isa = XCBuildConfiguration;
			buildSettings = {
				ALWAYS_SEARCH_USER_PATHS = NO;
				CLANG_ANALYZER_NONNULL = YES;
				CLANG_ANALYZER_NUMBER_OBJECT_CONVERSION = YES_AGGRESSIVE;
				CLANG_CXX_LANGUAGE_STANDARD = "gnu++14";
				CLANG_CXX_LIBRARY = "libc++";
				CLANG_ENABLE_MODULES = YES;
				CLANG_ENABLE_OBJC_ARC = YES;
				CLANG_WARN_BLOCK_CAPTURE_AUTORELEASING = YES;
				CLANG_WARN_BOOL_CONVERSION = YES;
				CLANG_WARN_COMMA = YES;
				CLANG_WARN_CONSTANT_CONVERSION = YES;
				CLANG_WARN_DIRECT_OBJC_ISA_USAGE = YES_ERROR;
				CLANG_WARN_DOCUMENTATION_COMMENTS = YES;
				CLANG_WARN_EMPTY_BODY = YES;
				CLANG_WARN_ENUM_CONVERSION = YES;
				CLANG_WARN_INFINITE_RECURSION = YES;
				CLANG_WARN_INT_CONVERSION = YES;
				CLANG_WARN_NON_LITERAL_NULL_CONVERSION = YES;
				CLANG_WARN_OBJC_LITERAL_CONVERSION = YES;
				CLANG_WARN_OBJC_ROOT_CLASS = YES_ERROR;
				CLANG_WARN_RANGE_LOOP_ANALYSIS = YES;
				CLANG_WARN_STRICT_PROTOTYPES = YES;
				CLANG_WARN_SUSPICIOUS_MOVE = YES;
				CLANG_WARN_UNGUARDED_AVAILABILITY = YES_AGGRESSIVE;
				CLANG_WARN_UNREACHABLE_CODE = YES;
				CLANG_WARN__DUPLICATE_METHOD_MATCH = YES;
				CODE_SIGN_IDENTITY = "iPhone Developer";
				COPY_PHASE_STRIP = NO;
				DEBUG_INFORMATION_FORMAT = "dwarf-with-dsym";
				ENABLE_NS_ASSERTIONS = NO;
				ENABLE_STRICT_OBJC_MSGSEND = YES;
				GCC_C_LANGUAGE_STANDARD = gnu11;
				GCC_NO_COMMON_BLOCKS = YES;
				GCC_WARN_64_TO_32_BIT_CONVERSION = YES;
				GCC_WARN_ABOUT_RETURN_TYPE = YES_ERROR;
				GCC_WARN_UNDECLARED_SELECTOR = YES;
				GCC_WARN_UNINITIALIZED_AUTOS = YES_AGGRESSIVE;
				GCC_WARN_UNUSED_FUNCTION = YES;
				GCC_WARN_UNUSED_VARIABLE = YES;
				IPHONEOS_DEPLOYMENT_TARGET = 11.0;
				MTL_ENABLE_DEBUG_INFO = NO;
				SDKROOT = iphoneos;
				SWIFT_OPTIMIZATION_LEVEL = "-Owholemodule";
				VALIDATE_PRODUCT = YES;
			};
			name = Release;
		};
		B0A939B91F95E62800B7DCC2 /* Debug */ = {
			isa = XCBuildConfiguration;
			buildSettings = {
				ASSETCATALOG_COMPILER_APPICON_NAME = AppIcon;
				CODE_SIGN_STYLE = Automatic;
				INFOPLIST_FILE = Weather/Info.plist;
				LD_RUNPATH_SEARCH_PATHS = "$(inherited) @executable_path/Frameworks";
				PRODUCT_BUNDLE_IDENTIFIER = mycreationz.Weather;
				PRODUCT_NAME = "$(TARGET_NAME)";
				SWIFT_VERSION = 4.0;
				TARGETED_DEVICE_FAMILY = "1,2";
			};
			name = Debug;
		};
		B0A939BA1F95E62800B7DCC2 /* Release */ = {
			isa = XCBuildConfiguration;
			buildSettings = {
				ASSETCATALOG_COMPILER_APPICON_NAME = AppIcon;
				CODE_SIGN_STYLE = Automatic;
				INFOPLIST_FILE = Weather/Info.plist;
				LD_RUNPATH_SEARCH_PATHS = "$(inherited) @executable_path/Frameworks";
				PRODUCT_BUNDLE_IDENTIFIER = mycreationz.Weather;
				PRODUCT_NAME = "$(TARGET_NAME)";
				SWIFT_VERSION = 4.0;
				TARGETED_DEVICE_FAMILY = "1,2";
			};
			name = Release;
		};
		B0A939BC1F95E62800B7DCC2 /* Debug */ = {
			isa = XCBuildConfiguration;
			buildSettings = {
				ALWAYS_EMBED_SWIFT_STANDARD_LIBRARIES = YES;
				BUNDLE_LOADER = "$(TEST_HOST)";
				CODE_SIGN_STYLE = Automatic;
				INFOPLIST_FILE = WeatherTests/Info.plist;
				LD_RUNPATH_SEARCH_PATHS = "$(inherited) @executable_path/Frameworks @loader_path/Frameworks";
				PRODUCT_BUNDLE_IDENTIFIER = mycreationz.WeatherTests;
				PRODUCT_NAME = "$(TARGET_NAME)";
				SWIFT_VERSION = 4.0;
				TARGETED_DEVICE_FAMILY = "1,2";
				TEST_HOST = "$(BUILT_PRODUCTS_DIR)/Weather.app/Weather";
			};
			name = Debug;
		};
		B0A939BD1F95E62800B7DCC2 /* Release */ = {
			isa = XCBuildConfiguration;
			buildSettings = {
				ALWAYS_EMBED_SWIFT_STANDARD_LIBRARIES = YES;
				BUNDLE_LOADER = "$(TEST_HOST)";
				CODE_SIGN_STYLE = Automatic;
				INFOPLIST_FILE = WeatherTests/Info.plist;
				LD_RUNPATH_SEARCH_PATHS = "$(inherited) @executable_path/Frameworks @loader_path/Frameworks";
				PRODUCT_BUNDLE_IDENTIFIER = mycreationz.WeatherTests;
				PRODUCT_NAME = "$(TARGET_NAME)";
				SWIFT_VERSION = 4.0;
				TARGETED_DEVICE_FAMILY = "1,2";
				TEST_HOST = "$(BUILT_PRODUCTS_DIR)/Weather.app/Weather";
			};
			name = Release;
		};
		B0A939BF1F95E62800B7DCC2 /* Debug */ = {
			isa = XCBuildConfiguration;
			buildSettings = {
				ALWAYS_EMBED_SWIFT_STANDARD_LIBRARIES = YES;
				CODE_SIGN_STYLE = Automatic;
				INFOPLIST_FILE = WeatherUITests/Info.plist;
				LD_RUNPATH_SEARCH_PATHS = "$(inherited) @executable_path/Frameworks @loader_path/Frameworks";
				PRODUCT_BUNDLE_IDENTIFIER = mycreationz.WeatherUITests;
				PRODUCT_NAME = "$(TARGET_NAME)";
				SWIFT_VERSION = 4.0;
				TARGETED_DEVICE_FAMILY = "1,2";
				TEST_TARGET_NAME = Weather;
			};
			name = Debug;
		};
		B0A939C01F95E62800B7DCC2 /* Release */ = {
			isa = XCBuildConfiguration;
			buildSettings = {
				ALWAYS_EMBED_SWIFT_STANDARD_LIBRARIES = YES;
				CODE_SIGN_STYLE = Automatic;
				INFOPLIST_FILE = WeatherUITests/Info.plist;
				LD_RUNPATH_SEARCH_PATHS = "$(inherited) @executable_path/Frameworks @loader_path/Frameworks";
				PRODUCT_BUNDLE_IDENTIFIER = mycreationz.WeatherUITests;
				PRODUCT_NAME = "$(TARGET_NAME)";
				SWIFT_VERSION = 4.0;
				TARGETED_DEVICE_FAMILY = "1,2";
				TEST_TARGET_NAME = Weather;
			};
			name = Release;
		};
/* End XCBuildConfiguration section */

/* Begin XCConfigurationList section */
		B0A9398B1F95E62800B7DCC2 /* Build configuration list for PBXProject "Weather" */ = {
			isa = XCConfigurationList;
			buildConfigurations = (
				B0A939B61F95E62800B7DCC2 /* Debug */,
				B0A939B71F95E62800B7DCC2 /* Release */,
			);
			defaultConfigurationIsVisible = 0;
			defaultConfigurationName = Release;
		};
		B0A939B81F95E62800B7DCC2 /* Build configuration list for PBXNativeTarget "Weather" */ = {
			isa = XCConfigurationList;
			buildConfigurations = (
				B0A939B91F95E62800B7DCC2 /* Debug */,
				B0A939BA1F95E62800B7DCC2 /* Release */,
			);
			defaultConfigurationIsVisible = 0;
			defaultConfigurationName = Release;
		};
		B0A939BB1F95E62800B7DCC2 /* Build configuration list for PBXNativeTarget "WeatherTests" */ = {
			isa = XCConfigurationList;
			buildConfigurations = (
				B0A939BC1F95E62800B7DCC2 /* Debug */,
				B0A939BD1F95E62800B7DCC2 /* Release */,
			);
			defaultConfigurationIsVisible = 0;
			defaultConfigurationName = Release;
		};
		B0A939BE1F95E62800B7DCC2 /* Build configuration list for PBXNativeTarget "WeatherUITests" */ = {
			isa = XCConfigurationList;
			buildConfigurations = (
				B0A939BF1F95E62800B7DCC2 /* Debug */,
				B0A939C01F95E62800B7DCC2 /* Release */,
			);
			defaultConfigurationIsVisible = 0;
			defaultConfigurationName = Release;
		};
/* End XCConfigurationList section */
	};
	rootObject = B0A939881F95E62800B7DCC2 /* Project object */;
}
